PODS:
  - OpenSSL-Universal (1.0.2.13)
  - Sparkle (2.9.0)

DEPENDENCIES:
  - OpenSSL-Universal
  - Sparkle (~> 2.0)

SPEC REPOS:
  https://github.com/CocoaPods/Specs.git:
    - OpenSSL-Universal
    - Sparkle

SPEC CHECKSUMS:
  OpenSSL-Universal: 401888162f11c33ebbd46f782d9229da35c61327
  Sparkle: f4355f9ebbe9b7d932df4980d70f13922ac97b2a

PODFILE CHECKSUM: 5ded41e11ff4a8a70b763fa2ceb95b999545540e

COCOAPODS: 1.16.2
